// !$*UTF8*$!
{
	archiveVersion = 1;
	classes = {
	};
	objectVersion = 46;
	objects = {

/* Begin PBXBuildFile section */
		22F307111EA9DDFE00D27109 /* YangMingShan.framework in Frameworks */ = {isa = PBXBuildFile; fileRef = 3EFA1F6A1E927DAE00FD8984 /* YangMingShan.framework */; };
		22F307121EA9DDFE00D27109 /* YangMingShan.framework in Embed Frameworks */ = {isa = PBXBuildFile; fileRef = 3EFA1F6A1E927DAE00FD8984 /* YangMingShan.framework */; settings = {ATTRIBUTES = (CodeSignOnCopy, RemoveHeadersOnCopy, ); }; };
		3EFA1F6E1E927DAE00FD8984 /* YangMingShan.h in Headers */ = {isa = PBXBuildFile; fileRef = 3EFA1F6C1E927DAE00FD8984 /* YangMingShan.h */; settings = {ATTRIBUTES = (Public, ); }; };
		3EFA1F711E927DAE00FD8984 /* YangMingShan.framework in Frameworks */ = {isa = PBXBuildFile; fileRef = 3EFA1F6A1E927DAE00FD8984 /* YangMingShan.framework */; };
		3EFA1F721E927DAE00FD8984 /* YangMingShan.framework in Embed Frameworks */ = {isa = PBXBuildFile; fileRef = 3EFA1F6A1E927DAE00FD8984 /* YangMingShan.framework */; settings = {ATTRIBUTES = (CodeSignOnCopy, RemoveHeadersOnCopy, ); }; };
		3EFA1F941E927E7E00FD8984 /* Photos.framework in Frameworks */ = {isa = PBXBuildFile; fileRef = 3EFA1F931E927E7E00FD8984 /* Photos.framework */; };
		3EFA1F951E927E9700FD8984 /* YMSPhotoPickerAssets.xcassets in Resources */ = {isa = PBXBuildFile; fileRef = 51F2EEE81CEC4D5F006DFC4B /* YMSPhotoPickerAssets.xcassets */; };
		3EFA1FC01E92824600FD8984 /* UIViewController+YMSPhotoHelper.h in Headers */ = {isa = PBXBuildFile; fileRef = 5130733A1D1B8DC000C98705 /* UIViewController+YMSPhotoHelper.h */; settings = {ATTRIBUTES = (Public, ); }; };
		3EFA1FC11E92824600FD8984 /* YMSPhotoPickerTheme.h in Headers */ = {isa = PBXBuildFile; fileRef = 5130733C1D1B8DC000C98705 /* YMSPhotoPickerTheme.h */; settings = {ATTRIBUTES = (Public, ); }; };
		3EFA1FC21E92827700FD8984 /* YMSPhotoPickerViewController.h in Headers */ = {isa = PBXBuildFile; fileRef = 5130733E1D1B8DC000C98705 /* YMSPhotoPickerViewController.h */; settings = {ATTRIBUTES = (Public, ); }; };
		3EFA1FC31E92829000FD8984 /* UIScrollView+YMSAdditions.h in Headers */ = {isa = PBXBuildFile; fileRef = 5130731B1D1B8D9000C98705 /* UIScrollView+YMSAdditions.h */; settings = {ATTRIBUTES = (Private, ); }; };
		3EFA1FC41E92829000FD8984 /* UITableViewCell+YMSConfig.h in Headers */ = {isa = PBXBuildFile; fileRef = 5130731D1D1B8D9000C98705 /* UITableViewCell+YMSConfig.h */; settings = {ATTRIBUTES = (Private, ); }; };
		3EFA1FC51E92829000FD8984 /* YMSAlbumCell.h in Headers */ = {isa = PBXBuildFile; fileRef = 5130731F1D1B8D9000C98705 /* YMSAlbumCell.h */; settings = {ATTRIBUTES = (Private, ); }; };
		3EFA1FC61E92829000FD8984 /* YMSAlbumPickerViewController.h in Headers */ = {isa = PBXBuildFile; fileRef = 513073221D1B8D9000C98705 /* YMSAlbumPickerViewController.h */; settings = {ATTRIBUTES = (Private, ); }; };
		3EFA1FC71E92829000FD8984 /* YMSCameraCell.h in Headers */ = {isa = PBXBuildFile; fileRef = 513073251D1B8D9000C98705 /* YMSCameraCell.h */; settings = {ATTRIBUTES = (Private, ); }; };
		3EFA1FC81E92829000FD8984 /* YMSPhotoCell.h in Headers */ = {isa = PBXBuildFile; fileRef = 513073281D1B8D9000C98705 /* YMSPhotoCell.h */; settings = {ATTRIBUTES = (Private, ); }; };
		3EFA1FC91E92829000FD8984 /* YMSSinglePhotoViewController.h in Headers */ = {isa = PBXBuildFile; fileRef = 5130732B1D1B8D9000C98705 /* YMSSinglePhotoViewController.h */; settings = {ATTRIBUTES = (Private, ); }; };
		3EFA1FD41E92844B00FD8984 /* UIViewController+YMSPhotoHelper.m in Sources */ = {isa = PBXBuildFile; fileRef = 5130733B1D1B8DC000C98705 /* UIViewController+YMSPhotoHelper.m */; };
		3EFA1FD51E92844B00FD8984 /* UIScrollView+YMSAdditions.m in Sources */ = {isa = PBXBuildFile; fileRef = 5130731C1D1B8D9000C98705 /* UIScrollView+YMSAdditions.m */; };
		3EFA1FD61E92844B00FD8984 /* UITableViewCell+YMSConfig.m in Sources */ = {isa = PBXBuildFile; fileRef = 5130731E1D1B8D9000C98705 /* UITableViewCell+YMSConfig.m */; };
		3EFA1FD71E92844B00FD8984 /* YMSPhotoPickerTheme.m in Sources */ = {isa = PBXBuildFile; fileRef = 5130733D1D1B8DC000C98705 /* YMSPhotoPickerTheme.m */; };
		3EFA1FD81E92844B00FD8984 /* YMSPhotoPickerViewController.m in Sources */ = {isa = PBXBuildFile; fileRef = 5130733F1D1B8DC000C98705 /* YMSPhotoPickerViewController.m */; };
		3EFA1FD91E92844B00FD8984 /* YMSAlbumCell.m in Sources */ = {isa = PBXBuildFile; fileRef = 513073201D1B8D9000C98705 /* YMSAlbumCell.m */; };
		3EFA1FDA1E92844B00FD8984 /* YMSAlbumPickerViewController.m in Sources */ = {isa = PBXBuildFile; fileRef = 513073231D1B8D9000C98705 /* YMSAlbumPickerViewController.m */; };
		3EFA1FDB1E92844B00FD8984 /* YMSCameraCell.m in Sources */ = {isa = PBXBuildFile; fileRef = 513073261D1B8D9000C98705 /* YMSCameraCell.m */; };
		3EFA1FDC1E92844B00FD8984 /* YMSPhotoCell.m in Sources */ = {isa = PBXBuildFile; fileRef = 513073291D1B8D9000C98705 /* YMSPhotoCell.m */; };
		3EFA1FDD1E92844B00FD8984 /* YMSSinglePhotoViewController.m in Sources */ = {isa = PBXBuildFile; fileRef = 5130732C1D1B8D9000C98705 /* YMSSinglePhotoViewController.m */; };
		3EFA1FDE1E92845300FD8984 /* YMSPhotoPickerViewController.xib in Resources */ = {isa = PBXBuildFile; fileRef = 513073401D1B8DC000C98705 /* YMSPhotoPickerViewController.xib */; };
		3EFA1FDF1E92845300FD8984 /* YMSAlbumCell.xib in Resources */ = {isa = PBXBuildFile; fileRef = 513073211D1B8D9000C98705 /* YMSAlbumCell.xib */; };
		3EFA1FE01E92845300FD8984 /* YMSAlbumPickerViewController.xib in Resources */ = {isa = PBXBuildFile; fileRef = 513073241D1B8D9000C98705 /* YMSAlbumPickerViewController.xib */; };
		3EFA1FE11E92845300FD8984 /* YMSCameraCell.xib in Resources */ = {isa = PBXBuildFile; fileRef = 513073271D1B8D9000C98705 /* YMSCameraCell.xib */; };
		3EFA1FE21E92845300FD8984 /* YMSPhotoCell.xib in Resources */ = {isa = PBXBuildFile; fileRef = 5130732A1D1B8D9000C98705 /* YMSPhotoCell.xib */; };
		3EFA1FE31E92845300FD8984 /* YMSSinglePhotoViewController.xib in Resources */ = {isa = PBXBuildFile; fileRef = 5130732D1D1B8D9000C98705 /* YMSSinglePhotoViewController.xib */; };
		511BC6051D13B27400738FD4 /* AppDelegate.m in Sources */ = {isa = PBXBuildFile; fileRef = 511BC6021D13B27400738FD4 /* AppDelegate.m */; };
		511BC6061D13B27400738FD4 /* DemoListViewController.m in Sources */ = {isa = PBXBuildFile; fileRef = 511BC6041D13B27400738FD4 /* DemoListViewController.m */; };
		511BC60F1D13B2C400738FD4 /* DemoImageViewCell.m in Sources */ = {isa = PBXBuildFile; fileRef = 511BC60C1D13B2C400738FD4 /* DemoImageViewCell.m */; };
		511BC6101D13B2C400738FD4 /* DemoPhotoViewController.m in Sources */ = {isa = PBXBuildFile; fileRef = 511BC60E1D13B2C400738FD4 /* DemoPhotoViewController.m */; };
		511BC6181D13B33D00738FD4 /* AppDelegate.swift in Sources */ = {isa = PBXBuildFile; fileRef = 511BC6111D13B33D00738FD4 /* AppDelegate.swift */; };
		511BC6191D13B33D00738FD4 /* DemoListViewController.swift in Sources */ = {isa = PBXBuildFile; fileRef = 511BC6121D13B33D00738FD4 /* DemoListViewController.swift */; };
		511BC61B1D13B33D00738FD4 /* DemoImageViewCell.swift in Sources */ = {isa = PBXBuildFile; fileRef = 511BC6161D13B33D00738FD4 /* DemoImageViewCell.swift */; };
		511BC61C1D13B33D00738FD4 /* DemoPhotoViewController.swift in Sources */ = {isa = PBXBuildFile; fileRef = 511BC6171D13B33D00738FD4 /* DemoPhotoViewController.swift */; };
		511BC6201D13B39E00738FD4 /* main.m in Sources */ = {isa = PBXBuildFile; fileRef = 511BC61E1D13B39E00738FD4 /* main.m */; };
		511BC6221D13B3B200738FD4 /* Assets.xcassets in Resources */ = {isa = PBXBuildFile; fileRef = 51FF32291D129D020029197B /* Assets.xcassets */; };
		511BC6231D13B3B600738FD4 /* LaunchScreen.storyboard in Resources */ = {isa = PBXBuildFile; fileRef = 51FF322A1D129D020029197B /* LaunchScreen.storyboard */; };
		511BC6291D13C8F800738FD4 /* LaunchScreen.storyboard in Resources */ = {isa = PBXBuildFile; fileRef = 51FF322A1D129D020029197B /* LaunchScreen.storyboard */; };
		513073011D13D03500C98705 /* Main-swift.storyboard in Resources */ = {isa = PBXBuildFile; fileRef = 513072FE1D13D02D00C98705 /* Main-swift.storyboard */; };
		513073041D13D04000C98705 /* Main.storyboard in Resources */ = {isa = PBXBuildFile; fileRef = 513073021D13D04000C98705 /* Main.storyboard */; };
		5130730D1D13D45800C98705 /* DemoImageViewCell.xib in Resources */ = {isa = PBXBuildFile; fileRef = 5130730C1D13D45800C98705 /* DemoImageViewCell.xib */; };
		513073101D13D46E00C98705 /* DemoImageViewCell.xib in Resources */ = {isa = PBXBuildFile; fileRef = 5130730E1D13D46700C98705 /* DemoImageViewCell.xib */; };
		513073151D13D59100C98705 /* YangMingShanDemoTests.m in Sources */ = {isa = PBXBuildFile; fileRef = 513073121D13D58400C98705 /* YangMingShanDemoTests.m */; };
		5130731A1D13D5A400C98705 /* YangMingShanDemoUITests.m in Sources */ = {isa = PBXBuildFile; fileRef = 513073171D13D59D00C98705 /* YangMingShanDemoUITests.m */; };
		51FF32391D129D020029197B /* Assets.xcassets in Resources */ = {isa = PBXBuildFile; fileRef = 51FF32291D129D020029197B /* Assets.xcassets */; };
		897897DD1F7F72920054FB81 /* YMSNavigationController.m in Sources */ = {isa = PBXBuildFile; fileRef = 89B3BF9F1F7F38DB00DD2C21 /* YMSNavigationController.m */; };
/* End PBXBuildFile section */

/* Begin PBXContainerItemProxy section */
		22F307131EA9DDFE00D27109 /* PBXContainerItemProxy */ = {
			isa = PBXContainerItemProxy;
			containerPortal = 5171ACDF1CE9A49B00B72748 /* Project object */;
			proxyType = 1;
			remoteGlobalIDString = 3EFA1F691E927DAE00FD8984;
			remoteInfo = YangMingShan;
		};
		3EFA1F6F1E927DAE00FD8984 /* PBXContainerItemProxy */ = {
			isa = PBXContainerItemProxy;
			containerPortal = 5171ACDF1CE9A49B00B72748 /* Project object */;
			proxyType = 1;
			remoteGlobalIDString = 3EFA1F691E927DAE00FD8984;
			remoteInfo = YangMingShan;
		};
		5171AD011CE9A49C00B72748 /* PBXContainerItemProxy */ = {
			isa = PBXContainerItemProxy;
			containerPortal = 5171ACDF1CE9A49B00B72748 /* Project object */;
			proxyType = 1;
			remoteGlobalIDString = 5171ACE61CE9A49B00B72748;
			remoteInfo = YahooUIKitDemo;
		};
		5171AD0C1CE9A49C00B72748 /* PBXContainerItemProxy */ = {
			isa = PBXContainerItemProxy;
			containerPortal = 5171ACDF1CE9A49B00B72748 /* Project object */;
			proxyType = 1;
			remoteGlobalIDString = 5171ACE61CE9A49B00B72748;
			remoteInfo = YahooUIKitDemo;
		};
/* End PBXContainerItemProxy section */

/* Begin PBXCopyFilesBuildPhase section */
		22F307151EA9DDFE00D27109 /* Embed Frameworks */ = {
			isa = PBXCopyFilesBuildPhase;
			buildActionMask = 2147483647;
			dstPath = "";
			dstSubfolderSpec = 10;
			files = (
				22F307121EA9DDFE00D27109 /* YangMingShan.framework in Embed Frameworks */,
			);
			name = "Embed Frameworks";
			runOnlyForDeploymentPostprocessing = 0;
		};
		3EFA1F761E927DAE00FD8984 /* Embed Frameworks */ = {
			isa = PBXCopyFilesBuildPhase;
			buildActionMask = 2147483647;
			dstPath = "";
			dstSubfolderSpec = 10;
			files = (
				3EFA1F721E927DAE00FD8984 /* YangMingShan.framework in Embed Frameworks */,
			);
			name = "Embed Frameworks";
			runOnlyForDeploymentPostprocessing = 0;
		};
/* End PBXCopyFilesBuildPhase section */

/* Begin PBXFileReference section */
		3EFA1F6A1E927DAE00FD8984 /* YangMingShan.framework */ = {isa = PBXFileReference; explicitFileType = wrapper.framework; includeInIndex = 0; path = YangMingShan.framework; sourceTree = BUILT_PRODUCTS_DIR; };
		3EFA1F6C1E927DAE00FD8984 /* YangMingShan.h */ = {isa = PBXFileReference; lastKnownFileType = sourcecode.c.h; name = YangMingShan.h; path = YangMingShan/YangMingShan.h; sourceTree = "<group>"; };
		3EFA1F6D1E927DAE00FD8984 /* Info.plist */ = {isa = PBXFileReference; lastKnownFileType = text.plist.xml; name = Info.plist; path = YangMingShan/Info.plist; sourceTree = "<group>"; };
		3EFA1F931E927E7E00FD8984 /* Photos.framework */ = {isa = PBXFileReference; lastKnownFileType = wrapper.framework; name = Photos.framework; path = System/Library/Frameworks/Photos.framework; sourceTree = SDKROOT; };
		511BC6011D13B27400738FD4 /* AppDelegate.h */ = {isa = PBXFileReference; fileEncoding = 4; lastKnownFileType = sourcecode.c.h; name = AppDelegate.h; path = ObjC/AppDelegate.h; sourceTree = "<group>"; };
		511BC6021D13B27400738FD4 /* AppDelegate.m */ = {isa = PBXFileReference; fileEncoding = 4; lastKnownFileType = sourcecode.c.objc; name = AppDelegate.m; path = ObjC/AppDelegate.m; sourceTree = "<group>"; };
		511BC6031D13B27400738FD4 /* DemoListViewController.h */ = {isa = PBXFileReference; fileEncoding = 4; lastKnownFileType = sourcecode.c.h; name = DemoListViewController.h; path = ObjC/DemoListViewController.h; sourceTree = "<group>"; };
		511BC6041D13B27400738FD4 /* DemoListViewController.m */ = {isa = PBXFileReference; fileEncoding = 4; lastKnownFileType = sourcecode.c.objc; name = DemoListViewController.m; path = ObjC/DemoListViewController.m; sourceTree = "<group>"; };
		511BC60B1D13B2C400738FD4 /* DemoImageViewCell.h */ = {isa = PBXFileReference; fileEncoding = 4; lastKnownFileType = sourcecode.c.h; path = DemoImageViewCell.h; sourceTree = "<group>"; };
		511BC60C1D13B2C400738FD4 /* DemoImageViewCell.m */ = {isa = PBXFileReference; fileEncoding = 4; lastKnownFileType = sourcecode.c.objc; path = DemoImageViewCell.m; sourceTree = "<group>"; };
		511BC60D1D13B2C400738FD4 /* DemoPhotoViewController.h */ = {isa = PBXFileReference; fileEncoding = 4; lastKnownFileType = sourcecode.c.h; path = DemoPhotoViewController.h; sourceTree = "<group>"; };
		511BC60E1D13B2C400738FD4 /* DemoPhotoViewController.m */ = {isa = PBXFileReference; fileEncoding = 4; lastKnownFileType = sourcecode.c.objc; path = DemoPhotoViewController.m; sourceTree = "<group>"; };
		511BC6111D13B33D00738FD4 /* AppDelegate.swift */ = {isa = PBXFileReference; fileEncoding = 4; lastKnownFileType = sourcecode.swift; name = AppDelegate.swift; path = YangMingShanDemo/Swift/AppDelegate.swift; sourceTree = SOURCE_ROOT; };
		511BC6121D13B33D00738FD4 /* DemoListViewController.swift */ = {isa = PBXFileReference; fileEncoding = 4; lastKnownFileType = sourcecode.swift; name = DemoListViewController.swift; path = YangMingShanDemo/Swift/DemoListViewController.swift; sourceTree = SOURCE_ROOT; };
		511BC6131D13B33D00738FD4 /* Info.plist */ = {isa = PBXFileReference; fileEncoding = 4; lastKnownFileType = text.plist.xml; name = Info.plist; path = YangMingShanDemo/Swift/Info.plist; sourceTree = SOURCE_ROOT; };
		511BC6161D13B33D00738FD4 /* DemoImageViewCell.swift */ = {isa = PBXFileReference; fileEncoding = 4; lastKnownFileType = sourcecode.swift; path = DemoImageViewCell.swift; sourceTree = "<group>"; };
		511BC6171D13B33D00738FD4 /* DemoPhotoViewController.swift */ = {isa = PBXFileReference; fileEncoding = 4; lastKnownFileType = sourcecode.swift; path = DemoPhotoViewController.swift; sourceTree = "<group>"; };
		511BC61D1D13B39E00738FD4 /* Info.plist */ = {isa = PBXFileReference; fileEncoding = 4; lastKnownFileType = text.plist.xml; name = Info.plist; path = ObjC/Info.plist; sourceTree = "<group>"; };
		511BC61E1D13B39E00738FD4 /* main.m */ = {isa = PBXFileReference; fileEncoding = 4; lastKnownFileType = sourcecode.c.objc; name = main.m; path = ObjC/main.m; sourceTree = "<group>"; };
		513072FF1D13D02D00C98705 /* Base */ = {isa = PBXFileReference; lastKnownFileType = file.storyboard; name = Base; path = "Swift/Base.lproj/Main-swift.storyboard"; sourceTree = "<group>"; };
		513073031D13D04000C98705 /* Base */ = {isa = PBXFileReference; lastKnownFileType = file.storyboard; name = Base; path = ObjC/Base.lproj/Main.storyboard; sourceTree = "<group>"; };
		5130730C1D13D45800C98705 /* DemoImageViewCell.xib */ = {isa = PBXFileReference; fileEncoding = 4; lastKnownFileType = file.xib; path = DemoImageViewCell.xib; sourceTree = "<group>"; };
		5130730E1D13D46700C98705 /* DemoImageViewCell.xib */ = {isa = PBXFileReference; fileEncoding = 4; lastKnownFileType = file.xib; path = DemoImageViewCell.xib; sourceTree = "<group>"; };
		513073111D13D58400C98705 /* Info.plist */ = {isa = PBXFileReference; fileEncoding = 4; lastKnownFileType = text.plist.xml; name = Info.plist; path = YangMingShanDemoTests/Info.plist; sourceTree = SOURCE_ROOT; };
		513073121D13D58400C98705 /* YangMingShanDemoTests.m */ = {isa = PBXFileReference; fileEncoding = 4; lastKnownFileType = sourcecode.c.objc; name = YangMingShanDemoTests.m; path = YangMingShanDemoTests/YangMingShanDemoTests.m; sourceTree = SOURCE_ROOT; };
		513073161D13D59D00C98705 /* Info.plist */ = {isa = PBXFileReference; fileEncoding = 4; lastKnownFileType = text.plist.xml; name = Info.plist; path = YangMingShanDemoUITests/Info.plist; sourceTree = SOURCE_ROOT; };
		513073171D13D59D00C98705 /* YangMingShanDemoUITests.m */ = {isa = PBXFileReference; fileEncoding = 4; lastKnownFileType = sourcecode.c.objc; name = YangMingShanDemoUITests.m; path = YangMingShanDemoUITests/YangMingShanDemoUITests.m; sourceTree = SOURCE_ROOT; };
		5130731B1D1B8D9000C98705 /* UIScrollView+YMSAdditions.h */ = {isa = PBXFileReference; fileEncoding = 4; lastKnownFileType = sourcecode.c.h; name = "UIScrollView+YMSAdditions.h"; path = "YangMingShan/YMSPhotoPicker/Private/UIScrollView+YMSAdditions.h"; sourceTree = SOURCE_ROOT; };
		5130731C1D1B8D9000C98705 /* UIScrollView+YMSAdditions.m */ = {isa = PBXFileReference; fileEncoding = 4; lastKnownFileType = sourcecode.c.objc; name = "UIScrollView+YMSAdditions.m"; path = "YangMingShan/YMSPhotoPicker/Private/UIScrollView+YMSAdditions.m"; sourceTree = SOURCE_ROOT; };
		5130731D1D1B8D9000C98705 /* UITableViewCell+YMSConfig.h */ = {isa = PBXFileReference; fileEncoding = 4; lastKnownFileType = sourcecode.c.h; name = "UITableViewCell+YMSConfig.h"; path = "YangMingShan/YMSPhotoPicker/Private/UITableViewCell+YMSConfig.h"; sourceTree = SOURCE_ROOT; };
		5130731E1D1B8D9000C98705 /* UITableViewCell+YMSConfig.m */ = {isa = PBXFileReference; fileEncoding = 4; lastKnownFileType = sourcecode.c.objc; name = "UITableViewCell+YMSConfig.m"; path = "YangMingShan/YMSPhotoPicker/Private/UITableViewCell+YMSConfig.m"; sourceTree = SOURCE_ROOT; };
		5130731F1D1B8D9000C98705 /* YMSAlbumCell.h */ = {isa = PBXFileReference; fileEncoding = 4; lastKnownFileType = sourcecode.c.h; name = YMSAlbumCell.h; path = YangMingShan/YMSPhotoPicker/Private/YMSAlbumCell.h; sourceTree = SOURCE_ROOT; };
		513073201D1B8D9000C98705 /* YMSAlbumCell.m */ = {isa = PBXFileReference; fileEncoding = 4; lastKnownFileType = sourcecode.c.objc; name = YMSAlbumCell.m; path = YangMingShan/YMSPhotoPicker/Private/YMSAlbumCell.m; sourceTree = SOURCE_ROOT; };
		513073211D1B8D9000C98705 /* YMSAlbumCell.xib */ = {isa = PBXFileReference; fileEncoding = 4; lastKnownFileType = file.xib; name = YMSAlbumCell.xib; path = YangMingShan/YMSPhotoPicker/Private/YMSAlbumCell.xib; sourceTree = SOURCE_ROOT; };
		513073221D1B8D9000C98705 /* YMSAlbumPickerViewController.h */ = {isa = PBXFileReference; fileEncoding = 4; lastKnownFileType = sourcecode.c.h; name = YMSAlbumPickerViewController.h; path = YangMingShan/YMSPhotoPicker/Private/YMSAlbumPickerViewController.h; sourceTree = SOURCE_ROOT; };
		513073231D1B8D9000C98705 /* YMSAlbumPickerViewController.m */ = {isa = PBXFileReference; fileEncoding = 4; lastKnownFileType = sourcecode.c.objc; name = YMSAlbumPickerViewController.m; path = YangMingShan/YMSPhotoPicker/Private/YMSAlbumPickerViewController.m; sourceTree = SOURCE_ROOT; };
		513073241D1B8D9000C98705 /* YMSAlbumPickerViewController.xib */ = {isa = PBXFileReference; fileEncoding = 4; lastKnownFileType = file.xib; name = YMSAlbumPickerViewController.xib; path = YangMingShan/YMSPhotoPicker/Private/YMSAlbumPickerViewController.xib; sourceTree = SOURCE_ROOT; };
		513073251D1B8D9000C98705 /* YMSCameraCell.h */ = {isa = PBXFileReference; fileEncoding = 4; lastKnownFileType = sourcecode.c.h; name = YMSCameraCell.h; path = YangMingShan/YMSPhotoPicker/Private/YMSCameraCell.h; sourceTree = SOURCE_ROOT; };
		513073261D1B8D9000C98705 /* YMSCameraCell.m */ = {isa = PBXFileReference; fileEncoding = 4; lastKnownFileType = sourcecode.c.objc; name = YMSCameraCell.m; path = YangMingShan/YMSPhotoPicker/Private/YMSCameraCell.m; sourceTree = SOURCE_ROOT; };
		513073271D1B8D9000C98705 /* YMSCameraCell.xib */ = {isa = PBXFileReference; fileEncoding = 4; lastKnownFileType = file.xib; name = YMSCameraCell.xib; path = YangMingShan/YMSPhotoPicker/Private/YMSCameraCell.xib; sourceTree = SOURCE_ROOT; };
		513073281D1B8D9000C98705 /* YMSPhotoCell.h */ = {isa = PBXFileReference; fileEncoding = 4; lastKnownFileType = sourcecode.c.h; name = YMSPhotoCell.h; path = YangMingShan/YMSPhotoPicker/Private/YMSPhotoCell.h; sourceTree = SOURCE_ROOT; };
		513073291D1B8D9000C98705 /* YMSPhotoCell.m */ = {isa = PBXFileReference; fileEncoding = 4; lastKnownFileType = sourcecode.c.objc; name = YMSPhotoCell.m; path = YangMingShan/YMSPhotoPicker/Private/YMSPhotoCell.m; sourceTree = SOURCE_ROOT; };
		5130732A1D1B8D9000C98705 /* YMSPhotoCell.xib */ = {isa = PBXFileReference; fileEncoding = 4; lastKnownFileType = file.xib; name = YMSPhotoCell.xib; path = YangMingShan/YMSPhotoPicker/Private/YMSPhotoCell.xib; sourceTree = SOURCE_ROOT; };
		5130732B1D1B8D9000C98705 /* YMSSinglePhotoViewController.h */ = {isa = PBXFileReference; fileEncoding = 4; lastKnownFileType = sourcecode.c.h; name = YMSSinglePhotoViewController.h; path = YangMingShan/YMSPhotoPicker/Private/YMSSinglePhotoViewController.h; sourceTree = SOURCE_ROOT; };
		5130732C1D1B8D9000C98705 /* YMSSinglePhotoViewController.m */ = {isa = PBXFileReference; fileEncoding = 4; lastKnownFileType = sourcecode.c.objc; name = YMSSinglePhotoViewController.m; path = YangMingShan/YMSPhotoPicker/Private/YMSSinglePhotoViewController.m; sourceTree = SOURCE_ROOT; };
		5130732D1D1B8D9000C98705 /* YMSSinglePhotoViewController.xib */ = {isa = PBXFileReference; fileEncoding = 4; lastKnownFileType = file.xib; name = YMSSinglePhotoViewController.xib; path = YangMingShan/YMSPhotoPicker/Private/YMSSinglePhotoViewController.xib; sourceTree = SOURCE_ROOT; };
		5130733A1D1B8DC000C98705 /* UIViewController+YMSPhotoHelper.h */ = {isa = PBXFileReference; fileEncoding = 4; lastKnownFileType = sourcecode.c.h; name = "UIViewController+YMSPhotoHelper.h"; path = "YangMingShan/YMSPhotoPicker/Public/UIViewController+YMSPhotoHelper.h"; sourceTree = SOURCE_ROOT; };
		5130733B1D1B8DC000C98705 /* UIViewController+YMSPhotoHelper.m */ = {isa = PBXFileReference; fileEncoding = 4; lastKnownFileType = sourcecode.c.objc; name = "UIViewController+YMSPhotoHelper.m"; path = "YangMingShan/YMSPhotoPicker/Public/UIViewController+YMSPhotoHelper.m"; sourceTree = SOURCE_ROOT; };
		5130733C1D1B8DC000C98705 /* YMSPhotoPickerTheme.h */ = {isa = PBXFileReference; fileEncoding = 4; lastKnownFileType = sourcecode.c.h; name = YMSPhotoPickerTheme.h; path = YangMingShan/YMSPhotoPicker/Public/YMSPhotoPickerTheme.h; sourceTree = SOURCE_ROOT; };
		5130733D1D1B8DC000C98705 /* YMSPhotoPickerTheme.m */ = {isa = PBXFileReference; fileEncoding = 4; lastKnownFileType = sourcecode.c.objc; name = YMSPhotoPickerTheme.m; path = YangMingShan/YMSPhotoPicker/Public/YMSPhotoPickerTheme.m; sourceTree = SOURCE_ROOT; };
		5130733E1D1B8DC000C98705 /* YMSPhotoPickerViewController.h */ = {isa = PBXFileReference; fileEncoding = 4; lastKnownFileType = sourcecode.c.h; name = YMSPhotoPickerViewController.h; path = YangMingShan/YMSPhotoPicker/Public/YMSPhotoPickerViewController.h; sourceTree = SOURCE_ROOT; };
		5130733F1D1B8DC000C98705 /* YMSPhotoPickerViewController.m */ = {isa = PBXFileReference; fileEncoding = 4; lastKnownFileType = sourcecode.c.objc; name = YMSPhotoPickerViewController.m; path = YangMingShan/YMSPhotoPicker/Public/YMSPhotoPickerViewController.m; sourceTree = SOURCE_ROOT; };
		513073401D1B8DC000C98705 /* YMSPhotoPickerViewController.xib */ = {isa = PBXFileReference; fileEncoding = 4; lastKnownFileType = file.xib; name = YMSPhotoPickerViewController.xib; path = YangMingShan/YMSPhotoPicker/Public/YMSPhotoPickerViewController.xib; sourceTree = SOURCE_ROOT; };
		5171ACE71CE9A49B00B72748 /* YangMingShanDemo.app */ = {isa = PBXFileReference; explicitFileType = wrapper.application; includeInIndex = 0; path = YangMingShanDemo.app; sourceTree = BUILT_PRODUCTS_DIR; };
		5171AD001CE9A49C00B72748 /* YangMingShanDemo.xctest */ = {isa = PBXFileReference; explicitFileType = wrapper.cfbundle; includeInIndex = 0; path = YangMingShanDemo.xctest; sourceTree = BUILT_PRODUCTS_DIR; };
		5171AD0B1CE9A49C00B72748 /* YangMingShanDemo.xctest */ = {isa = PBXFileReference; explicitFileType = wrapper.cfbundle; includeInIndex = 0; path = YangMingShanDemo.xctest; sourceTree = BUILT_PRODUCTS_DIR; };
		519140CD1D055615002B4C5B /* YangMingShanDemo.app */ = {isa = PBXFileReference; explicitFileType = wrapper.application; includeInIndex = 0; path = YangMingShanDemo.app; sourceTree = BUILT_PRODUCTS_DIR; };
		51F2EEE81CEC4D5F006DFC4B /* YMSPhotoPickerAssets.xcassets */ = {isa = PBXFileReference; lastKnownFileType = folder.assetcatalog; path = YMSPhotoPickerAssets.xcassets; sourceTree = "<group>"; };
		51FF32291D129D020029197B /* Assets.xcassets */ = {isa = PBXFileReference; lastKnownFileType = folder.assetcatalog; path = Assets.xcassets; sourceTree = "<group>"; };
		51FF322B1D129D020029197B /* Base */ = {isa = PBXFileReference; lastKnownFileType = file.storyboard; name = Base; path = Base.lproj/LaunchScreen.storyboard; sourceTree = "<group>"; };
		89B3BF9E1F7F38DB00DD2C21 /* YMSNavigationController.h */ = {isa = PBXFileReference; lastKnownFileType = sourcecode.c.h; name = YMSNavigationController.h; path = Private/YMSNavigationController.h; sourceTree = "<group>"; };
		89B3BF9F1F7F38DB00DD2C21 /* YMSNavigationController.m */ = {isa = PBXFileReference; lastKnownFileType = sourcecode.c.objc; name = YMSNavigationController.m; path = Private/YMSNavigationController.m; sourceTree = "<group>"; };
/* End PBXFileReference section */

/* Begin PBXFrameworksBuildPhase section */
		3EFA1F661E927DAE00FD8984 /* Frameworks */ = {
			isa = PBXFrameworksBuildPhase;
			buildActionMask = 2147483647;
			files = (
				3EFA1F941E927E7E00FD8984 /* Photos.framework in Frameworks */,
			);
			runOnlyForDeploymentPostprocessing = 0;
		};
		5171ACE41CE9A49B00B72748 /* Frameworks */ = {
			isa = PBXFrameworksBuildPhase;
			buildActionMask = 2147483647;
			files = (
				3EFA1F711E927DAE00FD8984 /* YangMingShan.framework in Frameworks */,
			);
			runOnlyForDeploymentPostprocessing = 0;
		};
		5171ACFD1CE9A49C00B72748 /* Frameworks */ = {
			isa = PBXFrameworksBuildPhase;
			buildActionMask = 2147483647;
			files = (
			);
			runOnlyForDeploymentPostprocessing = 0;
		};
		5171AD081CE9A49C00B72748 /* Frameworks */ = {
			isa = PBXFrameworksBuildPhase;
			buildActionMask = 2147483647;
			files = (
			);
			runOnlyForDeploymentPostprocessing = 0;
		};
		519140CA1D055615002B4C5B /* Frameworks */ = {
			isa = PBXFrameworksBuildPhase;
			buildActionMask = 2147483647;
			files = (
				22F307111EA9DDFE00D27109 /* YangMingShan.framework in Frameworks */,
			);
			runOnlyForDeploymentPostprocessing = 0;
		};
/* End PBXFrameworksBuildPhase section */

/* Begin PBXGroup section */
		3EFA1F921E927E7E00FD8984 /* Frameworks */ = {
			isa = PBXGroup;
			children = (
				3EFA1F931E927E7E00FD8984 /* Photos.framework */,
			);
			name = Frameworks;
			sourceTree = "<group>";
		};
		511BC6071D13B28800738FD4 /* ObjC */ = {
			isa = PBXGroup;
			children = (
				511BC6011D13B27400738FD4 /* AppDelegate.h */,
				511BC6021D13B27400738FD4 /* AppDelegate.m */,
				511BC6031D13B27400738FD4 /* DemoListViewController.h */,
				511BC6041D13B27400738FD4 /* DemoListViewController.m */,
				511BC60A1D13B2C400738FD4 /* YMSPhotoPickerDemo */,
				513073021D13D04000C98705 /* Main.storyboard */,
				511BC61D1D13B39E00738FD4 /* Info.plist */,
				511BC61E1D13B39E00738FD4 /* main.m */,
			);
			name = ObjC;
			sourceTree = "<group>";
		};
		511BC6081D13B29400738FD4 /* Swift */ = {
			isa = PBXGroup;
			children = (
				511BC6111D13B33D00738FD4 /* AppDelegate.swift */,
				511BC6121D13B33D00738FD4 /* DemoListViewController.swift */,
				511BC6151D13B33D00738FD4 /* YMSPhotoPickerDemo */,
				513072FE1D13D02D00C98705 /* Main-swift.storyboard */,
				511BC6131D13B33D00738FD4 /* Info.plist */,
			);
			name = Swift;
			sourceTree = "<group>";
		};
		511BC60A1D13B2C400738FD4 /* YMSPhotoPickerDemo */ = {
			isa = PBXGroup;
			children = (
				511BC60B1D13B2C400738FD4 /* DemoImageViewCell.h */,
				511BC60C1D13B2C400738FD4 /* DemoImageViewCell.m */,
				5130730C1D13D45800C98705 /* DemoImageViewCell.xib */,
				511BC60D1D13B2C400738FD4 /* DemoPhotoViewController.h */,
				511BC60E1D13B2C400738FD4 /* DemoPhotoViewController.m */,
			);
			name = YMSPhotoPickerDemo;
			path = ObjC/YMSPhotoPickerDemo;
			sourceTree = "<group>";
		};
		511BC6151D13B33D00738FD4 /* YMSPhotoPickerDemo */ = {
			isa = PBXGroup;
			children = (
				511BC6161D13B33D00738FD4 /* DemoImageViewCell.swift */,
				5130730E1D13D46700C98705 /* DemoImageViewCell.xib */,
				511BC6171D13B33D00738FD4 /* DemoPhotoViewController.swift */,
			);
			name = YMSPhotoPickerDemo;
			path = YangMingShanDemo/Swift/YMSPhotoPickerDemo;
			sourceTree = SOURCE_ROOT;
		};
		5171ACDE1CE9A49B00B72748 = {
			isa = PBXGroup;
			children = (
				5171AD1D1CE9B2DC00B72748 /* YangMingShan */,
				51FF32261D129D020029197B /* YangMingShanDemo */,
				5171AD031CE9A49C00B72748 /* YangMingShanDemoTests */,
				5171AD0E1CE9A49C00B72748 /* YangMingShanDemoUITests */,
				5171ACE81CE9A49B00B72748 /* Products */,
				3EFA1F921E927E7E00FD8984 /* Frameworks */,
			);
			sourceTree = "<group>";
		};
		5171ACE81CE9A49B00B72748 /* Products */ = {
			isa = PBXGroup;
			children = (
				5171ACE71CE9A49B00B72748 /* YangMingShanDemo.app */,
				5171AD001CE9A49C00B72748 /* YangMingShanDemo.xctest */,
				5171AD0B1CE9A49C00B72748 /* YangMingShanDemo.xctest */,
				519140CD1D055615002B4C5B /* YangMingShanDemo.app */,
				3EFA1F6A1E927DAE00FD8984 /* YangMingShan.framework */,
			);
			name = Products;
			sourceTree = "<group>";
		};
		5171AD031CE9A49C00B72748 /* YangMingShanDemoTests */ = {
			isa = PBXGroup;
			children = (
				513073121D13D58400C98705 /* YangMingShanDemoTests.m */,
				513073111D13D58400C98705 /* Info.plist */,
			);
			name = YangMingShanDemoTests;
			path = YahooUIKitDemoTests;
			sourceTree = "<group>";
		};
		5171AD0E1CE9A49C00B72748 /* YangMingShanDemoUITests */ = {
			isa = PBXGroup;
			children = (
				513073171D13D59D00C98705 /* YangMingShanDemoUITests.m */,
				513073161D13D59D00C98705 /* Info.plist */,
			);
			name = YangMingShanDemoUITests;
			path = YahooUIKitDemoUITests;
			sourceTree = "<group>";
		};
		5171AD1D1CE9B2DC00B72748 /* YangMingShan */ = {
			isa = PBXGroup;
			children = (
				5171AD1E1CE9B2F100B72748 /* YMSPhotoPicker */,
				3EFA1F6C1E927DAE00FD8984 /* YangMingShan.h */,
				3EFA1F6D1E927DAE00FD8984 /* Info.plist */,
			);
			name = YangMingShan;
			sourceTree = "<group>";
		};
		5171AD1E1CE9B2F100B72748 /* YMSPhotoPicker */ = {
			isa = PBXGroup;
			children = (
				51F2EEE81CEC4D5F006DFC4B /* YMSPhotoPickerAssets.xcassets */,
				51FF31EB1D129B4C0029197B /* Categories */,
				5130733C1D1B8DC000C98705 /* YMSPhotoPickerTheme.h */,
				5130733D1D1B8DC000C98705 /* YMSPhotoPickerTheme.m */,
				5130733E1D1B8DC000C98705 /* YMSPhotoPickerViewController.h */,
				5130733F1D1B8DC000C98705 /* YMSPhotoPickerViewController.m */,
				513073401D1B8DC000C98705 /* YMSPhotoPickerViewController.xib */,
				5130731F1D1B8D9000C98705 /* YMSAlbumCell.h */,
				513073201D1B8D9000C98705 /* YMSAlbumCell.m */,
				513073211D1B8D9000C98705 /* YMSAlbumCell.xib */,
				513073221D1B8D9000C98705 /* YMSAlbumPickerViewController.h */,
				513073231D1B8D9000C98705 /* YMSAlbumPickerViewController.m */,
				513073241D1B8D9000C98705 /* YMSAlbumPickerViewController.xib */,
				513073251D1B8D9000C98705 /* YMSCameraCell.h */,
				513073261D1B8D9000C98705 /* YMSCameraCell.m */,
				513073271D1B8D9000C98705 /* YMSCameraCell.xib */,
				513073281D1B8D9000C98705 /* YMSPhotoCell.h */,
				513073291D1B8D9000C98705 /* YMSPhotoCell.m */,
				5130732A1D1B8D9000C98705 /* YMSPhotoCell.xib */,
				5130732B1D1B8D9000C98705 /* YMSSinglePhotoViewController.h */,
				5130732C1D1B8D9000C98705 /* YMSSinglePhotoViewController.m */,
				5130732D1D1B8D9000C98705 /* YMSSinglePhotoViewController.xib */,
				89B3BF9E1F7F38DB00DD2C21 /* YMSNavigationController.h */,
				89B3BF9F1F7F38DB00DD2C21 /* YMSNavigationController.m */,
			);
			name = YMSPhotoPicker;
			path = YangMingShan/YMSPhotoPicker;
			sourceTree = "<group>";
		};
		51FF31EB1D129B4C0029197B /* Categories */ = {
			isa = PBXGroup;
			children = (
				5130733A1D1B8DC000C98705 /* UIViewController+YMSPhotoHelper.h */,
				5130733B1D1B8DC000C98705 /* UIViewController+YMSPhotoHelper.m */,
				5130731B1D1B8D9000C98705 /* UIScrollView+YMSAdditions.h */,
				5130731C1D1B8D9000C98705 /* UIScrollView+YMSAdditions.m */,
				5130731D1D1B8D9000C98705 /* UITableViewCell+YMSConfig.h */,
				5130731E1D1B8D9000C98705 /* UITableViewCell+YMSConfig.m */,
			);
			name = Categories;
			path = YangMingShan/YMSPhotoPicker/Categories;
			sourceTree = SOURCE_ROOT;
		};
		51FF32261D129D020029197B /* YangMingShanDemo */ = {
			isa = PBXGroup;
			children = (
				511BC6071D13B28800738FD4 /* ObjC */,
				511BC6081D13B29400738FD4 /* Swift */,
				51FF32291D129D020029197B /* Assets.xcassets */,
				51FF322A1D129D020029197B /* LaunchScreen.storyboard */,
			);
			path = YangMingShanDemo;
			sourceTree = "<group>";
		};
/* End PBXGroup section */

/* Begin PBXHeadersBuildPhase section */
		3EFA1F671E927DAE00FD8984 /* Headers */ = {
			isa = PBXHeadersBuildPhase;
			buildActionMask = 2147483647;
			files = (
				3EFA1FC21E92827700FD8984 /* YMSPhotoPickerViewController.h in Headers */,
				3EFA1F6E1E927DAE00FD8984 /* YangMingShan.h in Headers */,
				3EFA1FC01E92824600FD8984 /* UIViewController+YMSPhotoHelper.h in Headers */,
				3EFA1FC11E92824600FD8984 /* YMSPhotoPickerTheme.h in Headers */,
				3EFA1FC31E92829000FD8984 /* UIScrollView+YMSAdditions.h in Headers */,
				3EFA1FC41E92829000FD8984 /* UITableViewCell+YMSConfig.h in Headers */,
				3EFA1FC51E92829000FD8984 /* YMSAlbumCell.h in Headers */,
				3EFA1FC61E92829000FD8984 /* YMSAlbumPickerViewController.h in Headers */,
				3EFA1FC71E92829000FD8984 /* YMSCameraCell.h in Headers */,
				3EFA1FC81E92829000FD8984 /* YMSPhotoCell.h in Headers */,
				3EFA1FC91E92829000FD8984 /* YMSSinglePhotoViewController.h in Headers */,
			);
			runOnlyForDeploymentPostprocessing = 0;
		};
/* End PBXHeadersBuildPhase section */

/* Begin PBXNativeTarget section */
		3EFA1F691E927DAE00FD8984 /* YangMingShan */ = {
			isa = PBXNativeTarget;
			buildConfigurationList = 3EFA1F751E927DAE00FD8984 /* Build configuration list for PBXNativeTarget "YangMingShan" */;
			buildPhases = (
				3EFA1F651E927DAE00FD8984 /* Sources */,
				3EFA1F661E927DAE00FD8984 /* Frameworks */,
				3EFA1F671E927DAE00FD8984 /* Headers */,
				3EFA1F681E927DAE00FD8984 /* Resources */,
			);
			buildRules = (
			);
			dependencies = (
			);
			name = YangMingShan;
			productName = YangMingShan;
			productReference = 3EFA1F6A1E927DAE00FD8984 /* YangMingShan.framework */;
			productType = "com.apple.product-type.framework";
		};
		5171ACE61CE9A49B00B72748 /* YangMingShanDemo */ = {
			isa = PBXNativeTarget;
			buildConfigurationList = 5171AD141CE9A49C00B72748 /* Build configuration list for PBXNativeTarget "YangMingShanDemo" */;
			buildPhases = (
				5171ACE31CE9A49B00B72748 /* Sources */,
				5171ACE41CE9A49B00B72748 /* Frameworks */,
				5171ACE51CE9A49B00B72748 /* Resources */,
				3EFA1F761E927DAE00FD8984 /* Embed Frameworks */,
			);
			buildRules = (
			);
			dependencies = (
				3EFA1F701E927DAE00FD8984 /* PBXTargetDependency */,
			);
			name = YangMingShanDemo;
			productName = YahooUIKitDemo;
			productReference = 5171ACE71CE9A49B00B72748 /* YangMingShanDemo.app */;
			productType = "com.apple.product-type.application";
		};
		5171ACFF1CE9A49C00B72748 /* YangMingShanDemoTests */ = {
			isa = PBXNativeTarget;
			buildConfigurationList = 5171AD171CE9A49C00B72748 /* Build configuration list for PBXNativeTarget "YangMingShanDemoTests" */;
			buildPhases = (
				5171ACFC1CE9A49C00B72748 /* Sources */,
				5171ACFD1CE9A49C00B72748 /* Frameworks */,
				5171ACFE1CE9A49C00B72748 /* Resources */,
			);
			buildRules = (
			);
			dependencies = (
				5171AD021CE9A49C00B72748 /* PBXTargetDependency */,
			);
			name = YangMingShanDemoTests;
			productName = YahooUIKitDemoTests;
			productReference = 5171AD001CE9A49C00B72748 /* YangMingShanDemo.xctest */;
			productType = "com.apple.product-type.bundle.unit-test";
		};
		5171AD0A1CE9A49C00B72748 /* YangMingShanDemoUITests */ = {
			isa = PBXNativeTarget;
			buildConfigurationList = 5171AD1A1CE9A49C00B72748 /* Build configuration list for PBXNativeTarget "YangMingShanDemoUITests" */;
			buildPhases = (
				5171AD071CE9A49C00B72748 /* Sources */,
				5171AD081CE9A49C00B72748 /* Frameworks */,
				5171AD091CE9A49C00B72748 /* Resources */,
			);
			buildRules = (
			);
			dependencies = (
				5171AD0D1CE9A49C00B72748 /* PBXTargetDependency */,
			);
			name = YangMingShanDemoUITests;
			productName = YahooUIKitDemoUITests;
			productReference = 5171AD0B1CE9A49C00B72748 /* YangMingShanDemo.xctest */;
			productType = "com.apple.product-type.bundle.ui-testing";
		};
		519140CC1D055615002B4C5B /* YangMingShanDemo-Swift */ = {
			isa = PBXNativeTarget;
			buildConfigurationList = 519140DC1D055617002B4C5B /* Build configuration list for PBXNativeTarget "YangMingShanDemo-Swift" */;
			buildPhases = (
				519140C91D055615002B4C5B /* Sources */,
				519140CA1D055615002B4C5B /* Frameworks */,
				519140CB1D055615002B4C5B /* Resources */,
				22F307151EA9DDFE00D27109 /* Embed Frameworks */,
			);
			buildRules = (
			);
			dependencies = (
				22F307141EA9DDFE00D27109 /* PBXTargetDependency */,
			);
			name = "YangMingShanDemo-Swift";
			productName = "YahooUIKitDemo-Swift";
			productReference = 519140CD1D055615002B4C5B /* YangMingShanDemo.app */;
			productType = "com.apple.product-type.application";
		};
/* End PBXNativeTarget section */

/* Begin PBXProject section */
		5171ACDF1CE9A49B00B72748 /* Project object */ = {
			isa = PBXProject;
			attributes = {
				LastSwiftUpdateCheck = 0730;
				LastUpgradeCheck = 0910;
				ORGANIZATIONNAME = Yahoo;
				TargetAttributes = {
					3EFA1F691E927DAE00FD8984 = {
						CreatedOnToolsVersion = 8.3;
						ProvisioningStyle = Automatic;
					};
					5171ACE61CE9A49B00B72748 = {
						CreatedOnToolsVersion = 7.3;
						LastSwiftMigration = 0800;
					};
					5171ACFF1CE9A49C00B72748 = {
						CreatedOnToolsVersion = 7.3;
						LastSwiftMigration = 0800;
						TestTargetID = 5171ACE61CE9A49B00B72748;
					};
					5171AD0A1CE9A49C00B72748 = {
						CreatedOnToolsVersion = 7.3;
						TestTargetID = 5171ACE61CE9A49B00B72748;
					};
					519140CC1D055615002B4C5B = {
						CreatedOnToolsVersion = 7.3.1;
						LastSwiftMigration = 0910;
					};
				};
			};
			buildConfigurationList = 5171ACE21CE9A49B00B72748 /* Build configuration list for PBXProject "YangMingShanDemo" */;
			compatibilityVersion = "Xcode 3.2";
			developmentRegion = English;
			hasScannedForEncodings = 0;
			knownRegions = (
				en,
				Base,
			);
			mainGroup = 5171ACDE1CE9A49B00B72748;
			productRefGroup = 5171ACE81CE9A49B00B72748 /* Products */;
			projectDirPath = "";
			projectRoot = "";
			targets = (
				5171ACE61CE9A49B00B72748 /* YangMingShanDemo */,
				519140CC1D055615002B4C5B /* YangMingShanDemo-Swift */,
				5171ACFF1CE9A49C00B72748 /* YangMingShanDemoTests */,
				5171AD0A1CE9A49C00B72748 /* YangMingShanDemoUITests */,
				3EFA1F691E927DAE00FD8984 /* YangMingShan */,
			);
		};
/* End PBXProject section */

/* Begin PBXResourcesBuildPhase section */
		3EFA1F681E927DAE00FD8984 /* Resources */ = {
			isa = PBXResourcesBuildPhase;
			buildActionMask = 2147483647;
			files = (
				3EFA1FDE1E92845300FD8984 /* YMSPhotoPickerViewController.xib in Resources */,
				3EFA1FDF1E92845300FD8984 /* YMSAlbumCell.xib in Resources */,
				3EFA1FE01E92845300FD8984 /* YMSAlbumPickerViewController.xib in Resources */,
				3EFA1FE11E92845300FD8984 /* YMSCameraCell.xib in Resources */,
				3EFA1FE21E92845300FD8984 /* YMSPhotoCell.xib in Resources */,
				3EFA1FE31E92845300FD8984 /* YMSSinglePhotoViewController.xib in Resources */,
				3EFA1F951E927E9700FD8984 /* YMSPhotoPickerAssets.xcassets in Resources */,
			);
			runOnlyForDeploymentPostprocessing = 0;
		};
		5171ACE51CE9A49B00B72748 /* Resources */ = {
			isa = PBXResourcesBuildPhase;
			buildActionMask = 2147483647;
			files = (
				511BC6291D13C8F800738FD4 /* LaunchScreen.storyboard in Resources */,
				513073041D13D04000C98705 /* Main.storyboard in Resources */,
				51FF32391D129D020029197B /* Assets.xcassets in Resources */,
				5130730D1D13D45800C98705 /* DemoImageViewCell.xib in Resources */,
			);
			runOnlyForDeploymentPostprocessing = 0;
		};
		5171ACFE1CE9A49C00B72748 /* Resources */ = {
			isa = PBXResourcesBuildPhase;
			buildActionMask = 2147483647;
			files = (
			);
			runOnlyForDeploymentPostprocessing = 0;
		};
		5171AD091CE9A49C00B72748 /* Resources */ = {
			isa = PBXResourcesBuildPhase;
			buildActionMask = 2147483647;
			files = (
			);
			runOnlyForDeploymentPostprocessing = 0;
		};
		519140CB1D055615002B4C5B /* Resources */ = {
			isa = PBXResourcesBuildPhase;
			buildActionMask = 2147483647;
			files = (
				511BC6221D13B3B200738FD4 /* Assets.xcassets in Resources */,
				513073011D13D03500C98705 /* Main-swift.storyboard in Resources */,
				511BC6231D13B3B600738FD4 /* LaunchScreen.storyboard in Resources */,
				513073101D13D46E00C98705 /* DemoImageViewCell.xib in Resources */,
			);
			runOnlyForDeploymentPostprocessing = 0;
		};
/* End PBXResourcesBuildPhase section */

/* Begin PBXSourcesBuildPhase section */
		3EFA1F651E927DAE00FD8984 /* Sources */ = {
			isa = PBXSourcesBuildPhase;
			buildActionMask = 2147483647;
			files = (
				3EFA1FD41E92844B00FD8984 /* UIViewController+YMSPhotoHelper.m in Sources */,
				3EFA1FD51E92844B00FD8984 /* UIScrollView+YMSAdditions.m in Sources */,
				3EFA1FD61E92844B00FD8984 /* UITableViewCell+YMSConfig.m in Sources */,
				3EFA1FD71E92844B00FD8984 /* YMSPhotoPickerTheme.m in Sources */,
				3EFA1FD81E92844B00FD8984 /* YMSPhotoPickerViewController.m in Sources */,
				3EFA1FD91E92844B00FD8984 /* YMSAlbumCell.m in Sources */,
				897897DD1F7F72920054FB81 /* YMSNavigationController.m in Sources */,
				3EFA1FDA1E92844B00FD8984 /* YMSAlbumPickerViewController.m in Sources */,
				3EFA1FDB1E92844B00FD8984 /* YMSCameraCell.m in Sources */,
				3EFA1FDC1E92844B00FD8984 /* YMSPhotoCell.m in Sources */,
				3EFA1FDD1E92844B00FD8984 /* YMSSinglePhotoViewController.m in Sources */,
			);
			runOnlyForDeploymentPostprocessing = 0;
		};
		5171ACE31CE9A49B00B72748 /* Sources */ = {
			isa = PBXSourcesBuildPhase;
			buildActionMask = 2147483647;
			files = (
				511BC60F1D13B2C400738FD4 /* DemoImageViewCell.m in Sources */,
				511BC6051D13B27400738FD4 /* AppDelegate.m in Sources */,
				511BC6101D13B2C400738FD4 /* DemoPhotoViewController.m in Sources */,
				511BC6201D13B39E00738FD4 /* main.m in Sources */,
				511BC6061D13B27400738FD4 /* DemoListViewController.m in Sources */,
			);
			runOnlyForDeploymentPostprocessing = 0;
		};
		5171ACFC1CE9A49C00B72748 /* Sources */ = {
			isa = PBXSourcesBuildPhase;
			buildActionMask = 2147483647;
			files = (
				513073151D13D59100C98705 /* YangMingShanDemoTests.m in Sources */,
			);
			runOnlyForDeploymentPostprocessing = 0;
		};
		5171AD071CE9A49C00B72748 /* Sources */ = {
			isa = PBXSourcesBuildPhase;
			buildActionMask = 2147483647;
			files = (
				5130731A1D13D5A400C98705 /* YangMingShanDemoUITests.m in Sources */,
			);
			runOnlyForDeploymentPostprocessing = 0;
		};
		519140C91D055615002B4C5B /* Sources */ = {
			isa = PBXSourcesBuildPhase;
			buildActionMask = 2147483647;
			files = (
				511BC6181D13B33D00738FD4 /* AppDelegate.swift in Sources */,
				511BC61B1D13B33D00738FD4 /* DemoImageViewCell.swift in Sources */,
				511BC6191D13B33D00738FD4 /* DemoListViewController.swift in Sources */,
				511BC61C1D13B33D00738FD4 /* DemoPhotoViewController.swift in Sources */,
			);
			runOnlyForDeploymentPostprocessing = 0;
		};
/* End PBXSourcesBuildPhase section */

/* Begin PBXTargetDependency section */
		22F307141EA9DDFE00D27109 /* PBXTargetDependency */ = {
			isa = PBXTargetDependency;
			target = 3EFA1F691E927DAE00FD8984 /* YangMingShan */;
			targetProxy = 22F307131EA9DDFE00D27109 /* PBXContainerItemProxy */;
		};
		3EFA1F701E927DAE00FD8984 /* PBXTargetDependency */ = {
			isa = PBXTargetDependency;
			target = 3EFA1F691E927DAE00FD8984 /* YangMingShan */;
			targetProxy = 3EFA1F6F1E927DAE00FD8984 /* PBXContainerItemProxy */;
		};
		5171AD021CE9A49C00B72748 /* PBXTargetDependency */ = {
			isa = PBXTargetDependency;
			target = 5171ACE61CE9A49B00B72748 /* YangMingShanDemo */;
			targetProxy = 5171AD011CE9A49C00B72748 /* PBXContainerItemProxy */;
		};
		5171AD0D1CE9A49C00B72748 /* PBXTargetDependency */ = {
			isa = PBXTargetDependency;
			target = 5171ACE61CE9A49B00B72748 /* YangMingShanDemo */;
			targetProxy = 5171AD0C1CE9A49C00B72748 /* PBXContainerItemProxy */;
		};
/* End PBXTargetDependency section */

/* Begin PBXVariantGroup section */
		513072FE1D13D02D00C98705 /* Main-swift.storyboard */ = {
			isa = PBXVariantGroup;
			children = (
				513072FF1D13D02D00C98705 /* Base */,
			);
			name = "Main-swift.storyboard";
			sourceTree = "<group>";
		};
		513073021D13D04000C98705 /* Main.storyboard */ = {
			isa = PBXVariantGroup;
			children = (
				513073031D13D04000C98705 /* Base */,
			);
			name = Main.storyboard;
			sourceTree = "<group>";
		};
		51FF322A1D129D020029197B /* LaunchScreen.storyboard */ = {
			isa = PBXVariantGroup;
			children = (
				51FF322B1D129D020029197B /* Base */,
			);
			name = LaunchScreen.storyboard;
			sourceTree = "<group>";
		};
/* End PBXVariantGroup section */

/* Begin XCBuildConfiguration section */
		3EFA1F731E927DAE00FD8984 /* Debug */ = {
			isa = XCBuildConfiguration;
			buildSettings = {
				CLANG_ANALYZER_NUMBER_OBJECT_CONVERSION = YES_AGGRESSIVE;
				CLANG_WARN_DOCUMENTATION_COMMENTS = YES;
				CODE_SIGN_IDENTITY = "iPhone Developer";
				"CODE_SIGN_IDENTITY[sdk=iphoneos*]" = "";
				CURRENT_PROJECT_VERSION = 1;
				DEFINES_MODULE = YES;
				DYLIB_COMPATIBILITY_VERSION = 1;
				DYLIB_CURRENT_VERSION = 1;
				DYLIB_INSTALL_NAME_BASE = "@rpath";
				INFOPLIST_FILE = YangMingShan/Info.plist;
				INSTALL_PATH = "$(LOCAL_LIBRARY_DIR)/Frameworks";
				IPHONEOS_DEPLOYMENT_TARGET = 8.1;
				LD_RUNPATH_SEARCH_PATHS = "$(inherited) @executable_path/Frameworks @loader_path/Frameworks";
				PRODUCT_BUNDLE_IDENTIFIER = com.yahoo.YangMingShan;
				PRODUCT_NAME = "$(TARGET_NAME)";
				SKIP_INSTALL = YES;
				TARGETED_DEVICE_FAMILY = "1,2";
				VERSIONING_SYSTEM = "apple-generic";
				VERSION_INFO_PREFIX = "";
			};
			name = Debug;
		};
		3EFA1F741E927DAE00FD8984 /* Release */ = {
			isa = XCBuildConfiguration;
			buildSettings = {
				CLANG_ANALYZER_NUMBER_OBJECT_CONVERSION = YES_AGGRESSIVE;
				CLANG_WARN_DOCUMENTATION_COMMENTS = YES;
				CODE_SIGN_IDENTITY = "iPhone Developer";
				"CODE_SIGN_IDENTITY[sdk=iphoneos*]" = "";
				CURRENT_PROJECT_VERSION = 1;
				DEFINES_MODULE = YES;
				DYLIB_COMPATIBILITY_VERSION = 1;
				DYLIB_CURRENT_VERSION = 1;
				DYLIB_INSTALL_NAME_BASE = "@rpath";
				INFOPLIST_FILE = YangMingShan/Info.plist;
				INSTALL_PATH = "$(LOCAL_LIBRARY_DIR)/Frameworks";
				IPHONEOS_DEPLOYMENT_TARGET = 8.1;
				LD_RUNPATH_SEARCH_PATHS = "$(inherited) @executable_path/Frameworks @loader_path/Frameworks";
				PRODUCT_BUNDLE_IDENTIFIER = com.yahoo.YangMingShan;
				PRODUCT_NAME = "$(TARGET_NAME)";
				SKIP_INSTALL = YES;
				TARGETED_DEVICE_FAMILY = "1,2";
				VERSIONING_SYSTEM = "apple-generic";
				VERSION_INFO_PREFIX = "";
			};
			name = Release;
		};
		5171AD121CE9A49C00B72748 /* Debug */ = {
			isa = XCBuildConfiguration;
			buildSettings = {
				ALWAYS_SEARCH_USER_PATHS = NO;
				CLANG_ANALYZER_NONNULL = YES;
				CLANG_CXX_LANGUAGE_STANDARD = "gnu++0x";
				CLANG_CXX_LIBRARY = "libc++";
				CLANG_ENABLE_MODULES = YES;
				CLANG_ENABLE_OBJC_ARC = YES;
				CLANG_WARN_BLOCK_CAPTURE_AUTORELEASING = YES;
				CLANG_WARN_BOOL_CONVERSION = YES;
				CLANG_WARN_COMMA = YES;
				CLANG_WARN_CONSTANT_CONVERSION = YES;
				CLANG_WARN_DIRECT_OBJC_ISA_USAGE = YES_ERROR;
				CLANG_WARN_EMPTY_BODY = YES;
				CLANG_WARN_ENUM_CONVERSION = YES;
				CLANG_WARN_INFINITE_RECURSION = YES;
				CLANG_WARN_INT_CONVERSION = YES;
				CLANG_WARN_NON_LITERAL_NULL_CONVERSION = YES;
				CLANG_WARN_OBJC_LITERAL_CONVERSION = YES;
				CLANG_WARN_OBJC_ROOT_CLASS = YES_ERROR;
				CLANG_WARN_RANGE_LOOP_ANALYSIS = YES;
				CLANG_WARN_STRICT_PROTOTYPES = YES;
				CLANG_WARN_SUSPICIOUS_MOVE = YES;
				CLANG_WARN_UNREACHABLE_CODE = YES;
				CLANG_WARN__DUPLICATE_METHOD_MATCH = YES;
				"CODE_SIGN_IDENTITY[sdk=iphoneos*]" = "iPhone Developer";
				COPY_PHASE_STRIP = NO;
				DEBUG_INFORMATION_FORMAT = dwarf;
				ENABLE_STRICT_OBJC_MSGSEND = YES;
				ENABLE_TESTABILITY = YES;
				GCC_C_LANGUAGE_STANDARD = gnu99;
				GCC_DYNAMIC_NO_PIC = NO;
				GCC_NO_COMMON_BLOCKS = YES;
				GCC_OPTIMIZATION_LEVEL = 0;
				GCC_PREPROCESSOR_DEFINITIONS = (
					"DEBUG=1",
					"$(inherited)",
				);
				GCC_WARN_64_TO_32_BIT_CONVERSION = YES;
				GCC_WARN_ABOUT_RETURN_TYPE = YES_ERROR;
				GCC_WARN_UNDECLARED_SELECTOR = YES;
				GCC_WARN_UNINITIALIZED_AUTOS = YES_AGGRESSIVE;
				GCC_WARN_UNUSED_FUNCTION = YES;
				GCC_WARN_UNUSED_VARIABLE = YES;
				IPHONEOS_DEPLOYMENT_TARGET = 8.1;
				MTL_ENABLE_DEBUG_INFO = YES;
				ONLY_ACTIVE_ARCH = YES;
				SDKROOT = iphoneos;
			};
			name = Debug;
		};
		5171AD131CE9A49C00B72748 /* Release */ = {
			isa = XCBuildConfiguration;
			buildSettings = {
				ALWAYS_SEARCH_USER_PATHS = NO;
				CLANG_ANALYZER_NONNULL = YES;
				CLANG_CXX_LANGUAGE_STANDARD = "gnu++0x";
				CLANG_CXX_LIBRARY = "libc++";
				CLANG_ENABLE_MODULES = YES;
				CLANG_ENABLE_OBJC_ARC = YES;
				CLANG_WARN_BLOCK_CAPTURE_AUTORELEASING = YES;
				CLANG_WARN_BOOL_CONVERSION = YES;
				CLANG_WARN_COMMA = YES;
				CLANG_WARN_CONSTANT_CONVERSION = YES;
				CLANG_WARN_DIRECT_OBJC_ISA_USAGE = YES_ERROR;
				CLANG_WARN_EMPTY_BODY = YES;
				CLANG_WARN_ENUM_CONVERSION = YES;
				CLANG_WARN_INFINITE_RECURSION = YES;
				CLANG_WARN_INT_CONVERSION = YES;
				CLANG_WARN_NON_LITERAL_NULL_CONVERSION = YES;
				CLANG_WARN_OBJC_LITERAL_CONVERSION = YES;
				CLANG_WARN_OBJC_ROOT_CLASS = YES_ERROR;
				CLANG_WARN_RANGE_LOOP_ANALYSIS = YES;
				CLANG_WARN_STRICT_PROTOTYPES = YES;
				CLANG_WARN_SUSPICIOUS_MOVE = YES;
				CLANG_WARN_UNREACHABLE_CODE = YES;
				CLANG_WARN__DUPLICATE_METHOD_MATCH = YES;
				"CODE_SIGN_IDENTITY[sdk=iphoneos*]" = "iPhone Developer";
				COPY_PHASE_STRIP = NO;
				DEBUG_INFORMATION_FORMAT = "dwarf-with-dsym";
				ENABLE_NS_ASSERTIONS = NO;
				ENABLE_STRICT_OBJC_MSGSEND = YES;
				GCC_C_LANGUAGE_STANDARD = gnu99;
				GCC_NO_COMMON_BLOCKS = YES;
				GCC_WARN_64_TO_32_BIT_CONVERSION = YES;
				GCC_WARN_ABOUT_RETURN_TYPE = YES_ERROR;
				GCC_WARN_UNDECLARED_SELECTOR = YES;
				GCC_WARN_UNINITIALIZED_AUTOS = YES_AGGRESSIVE;
				GCC_WARN_UNUSED_FUNCTION = YES;
				GCC_WARN_UNUSED_VARIABLE = YES;
				IPHONEOS_DEPLOYMENT_TARGET = 8.1;
				MTL_ENABLE_DEBUG_INFO = NO;
				SDKROOT = iphoneos;
				SWIFT_OPTIMIZATION_LEVEL = "-Owholemodule";
				VALIDATE_PRODUCT = YES;
			};
			name = Release;
		};
		5171AD151CE9A49C00B72748 /* Debug */ = {
			isa = XCBuildConfiguration;
			buildSettings = {
				ASSETCATALOG_COMPILER_APPICON_NAME = AppIcon;
				CODE_SIGN_IDENTITY = "iPhone Developer";
				INFOPLIST_FILE = "$(SRCROOT)/YangMingShanDemo/ObjC/Info.plist";
				IPHONEOS_DEPLOYMENT_TARGET = 9.0;
				LD_RUNPATH_SEARCH_PATHS = "$(inherited) @executable_path/Frameworks";
				PRODUCT_BUNDLE_IDENTIFIER = com.yahoo.YangMingShanDemo;
				PRODUCT_NAME = YangMingShanDemo;
				SWIFT_VERSION = 3.0;
				TARGETED_DEVICE_FAMILY = 1;
			};
			name = Debug;
		};
		5171AD161CE9A49C00B72748 /* Release */ = {
			isa = XCBuildConfiguration;
			buildSettings = {
				ASSETCATALOG_COMPILER_APPICON_NAME = AppIcon;
				CODE_SIGN_IDENTITY = "iPhone Developer";
				INFOPLIST_FILE = "$(SRCROOT)/YangMingShanDemo/ObjC/Info.plist";
				IPHONEOS_DEPLOYMENT_TARGET = 9.0;
				LD_RUNPATH_SEARCH_PATHS = "$(inherited) @executable_path/Frameworks";
				PRODUCT_BUNDLE_IDENTIFIER = com.yahoo.YangMingShanDemo;
				PRODUCT_NAME = YangMingShanDemo;
				SWIFT_VERSION = 3.0;
				TARGETED_DEVICE_FAMILY = 1;
			};
			name = Release;
		};
		5171AD181CE9A49C00B72748 /* Debug */ = {
			isa = XCBuildConfiguration;
			buildSettings = {
				BUNDLE_LOADER = "$(TEST_HOST)";
				INFOPLIST_FILE = YangMingShanDemoTests/Info.plist;
				LD_RUNPATH_SEARCH_PATHS = "$(inherited) @executable_path/Frameworks @loader_path/Frameworks";
				PRODUCT_BUNDLE_IDENTIFIER = com.yahoo.YangMingShanDemoTests;
				PRODUCT_NAME = YangMingShanDemo;
				SWIFT_VERSION = 3.0;
				TEST_HOST = "$(BUILT_PRODUCTS_DIR)/YangMingShanDemo.app/YangMingShanDemo";
			};
			name = Debug;
		};
		5171AD191CE9A49C00B72748 /* Release */ = {
			isa = XCBuildConfiguration;
			buildSettings = {
				BUNDLE_LOADER = "$(TEST_HOST)";
				INFOPLIST_FILE = YangMingShanDemoTests/Info.plist;
				LD_RUNPATH_SEARCH_PATHS = "$(inherited) @executable_path/Frameworks @loader_path/Frameworks";
				PRODUCT_BUNDLE_IDENTIFIER = com.yahoo.YangMingShanDemoTests;
				PRODUCT_NAME = YangMingShanDemo;
				SWIFT_VERSION = 3.0;
				TEST_HOST = "$(BUILT_PRODUCTS_DIR)/YangMingShanDemo.app/YangMingShanDemo";
			};
			name = Release;
		};
		5171AD1B1CE9A49C00B72748 /* Debug */ = {
			isa = XCBuildConfiguration;
			buildSettings = {
				INFOPLIST_FILE = YangMingShanDemoUITests/Info.plist;
				LD_RUNPATH_SEARCH_PATHS = "$(inherited) @executable_path/Frameworks @loader_path/Frameworks";
				PRODUCT_BUNDLE_IDENTIFIER = com.yahoo.YangMingShanDemoUITests;
				PRODUCT_NAME = YangMingShanDemo;
				TEST_TARGET_NAME = YangMingShanDemo;
			};
			name = Debug;
		};
		5171AD1C1CE9A49C00B72748 /* Release */ = {
			isa = XCBuildConfiguration;
			buildSettings = {
				INFOPLIST_FILE = YangMingShanDemoUITests/Info.plist;
				LD_RUNPATH_SEARCH_PATHS = "$(inherited) @executable_path/Frameworks @loader_path/Frameworks";
				PRODUCT_BUNDLE_IDENTIFIER = com.yahoo.YangMingShanDemoUITests;
				PRODUCT_NAME = YangMingShanDemo;
				TEST_TARGET_NAME = YangMingShanDemo;
			};
			name = Release;
		};
		519140DD1D055617002B4C5B /* Debug */ = {
			isa = XCBuildConfiguration;
			buildSettings = {
				ASSETCATALOG_COMPILER_APPICON_NAME = AppIcon;
				CODE_SIGN_IDENTITY = "iPhone Developer";
				INFOPLIST_FILE = "$(SRCROOT)/YangMingShanDemo/Swift/Info.plist";
				IPHONEOS_DEPLOYMENT_TARGET = 8.1;
				LD_RUNPATH_SEARCH_PATHS = "$(inherited) @executable_path/Frameworks";
				PRODUCT_BUNDLE_IDENTIFIER = com.yahoo.YangMingShanDemo;
				PRODUCT_NAME = YangMingShanDemo;
				SWIFT_OBJC_BRIDGING_HEADER = "";
				SWIFT_OPTIMIZATION_LEVEL = "-Onone";
				SWIFT_SWIFT3_OBJC_INFERENCE = Off;
				SWIFT_VERSION = 4.0;
			};
			name = Debug;
		};
		519140DE1D055617002B4C5B /* Release */ = {
			isa = XCBuildConfiguration;
			buildSettings = {
				ASSETCATALOG_COMPILER_APPICON_NAME = AppIcon;
				CODE_SIGN_IDENTITY = "iPhone Developer";
				INFOPLIST_FILE = "$(SRCROOT)/YangMingShanDemo/Swift/Info.plist";
				IPHONEOS_DEPLOYMENT_TARGET = 8.1;
				LD_RUNPATH_SEARCH_PATHS = "$(inherited) @executable_path/Frameworks";
				PRODUCT_BUNDLE_IDENTIFIER = com.yahoo.YangMingShanDemo;
				PRODUCT_NAME = YangMingShanDemo;
				SWIFT_OBJC_BRIDGING_HEADER = "";
				SWIFT_SWIFT3_OBJC_INFERENCE = Off;
				SWIFT_VERSION = 4.0;
			};
			name = Release;
		};
/* End XCBuildConfiguration section */

/* Begin XCConfigurationList section */
		3EFA1F751E927DAE00FD8984 /* Build configuration list for PBXNativeTarget "YangMingShan" */ = {
			isa = XCConfigurationList;
			buildConfigurations = (
				3EFA1F731E927DAE00FD8984 /* Debug */,
				3EFA1F741E927DAE00FD8984 /* Release */,
			);
			defaultConfigurationIsVisible = 0;
			defaultConfigurationName = Release;
		};
		5171ACE21CE9A49B00B72748 /* Build configuration list for PBXProject "YangMingShanDemo" */ = {
			isa = XCConfigurationList;
			buildConfigurations = (
				5171AD121CE9A49C00B72748 /* Debug */,
				5171AD131CE9A49C00B72748 /* Release */,
			);
			defaultConfigurationIsVisible = 0;
			defaultConfigurationName = Release;
		};
		5171AD141CE9A49C00B72748 /* Build configuration list for PBXNativeTarget "YangMingShanDemo" */ = {
			isa = XCConfigurationList;
			buildConfigurations = (
				5171AD151CE9A49C00B72748 /* Debug */,
				5171AD161CE9A49C00B72748 /* Release */,
			);
			defaultConfigurationIsVisible = 0;
			defaultConfigurationName = Release;
		};
		5171AD171CE9A49C00B72748 /* Build configuration list for PBXNativeTarget "YangMingShanDemoTests" */ = {
			isa = XCConfigurationList;
			buildConfigurations = (
				5171AD181CE9A49C00B72748 /* Debug */,
				5171AD191CE9A49C00B72748 /* Release */,
			);
			defaultConfigurationIsVisible = 0;
			defaultConfigurationName = Release;
		};
		5171AD1A1CE9A49C00B72748 /* Build configuration list for PBXNativeTarget "YangMingShanDemoUITests" */ = {
			isa = XCConfigurationList;
			buildConfigurations = (
				5171AD1B1CE9A49C00B72748 /* Debug */,
				5171AD1C1CE9A49C00B72748 /* Release */,
			);
			defaultConfigurationIsVisible = 0;
			defaultConfigurationName = Release;
		};
		519140DC1D055617002B4C5B /* Build configuration list for PBXNativeTarget "YangMingShanDemo-Swift" */ = {
			isa = XCConfigurationList;
			buildConfigurations = (
				519140DD1D055617002B4C5B /* Debug */,
				519140DE1D055617002B4C5B /* Release */,
			);
			defaultConfigurationIsVisible = 0;
			defaultConfigurationName = Release;
		};
/* End XCConfigurationList section */
	};
	rootObject = 5171ACDF1CE9A49B00B72748 /* Project object */;
}
